
Microsoft Visual Studio Solution File, Format Version 12.00
# Visual Studio Version 17
VisualStudioVersion = 17.1.32328.378
MinimumVisualStudioVersion = 10.0.40219.1
Project("{FAE04EC0-301F-11D3-BF4B-00C04F79EFBC}") = "SFVD2", "SFVD2.csproj", "{D58F98CF-0368-41DD-8528-2B8DF0B1F6BA}"
EndProject
Global
	GlobalSection(SolutionConfigurationPlatforms) = preSolution
		Debug|Any CPU = Debug|Any CPU
		Release|Any CPU = Release|Any CPU
	EndGlobalSection
	GlobalSection(ProjectConfigurationPlatforms) = postSolution
		{D58F98CF-0368-41DD-8528-2B8DF0B1F6BA}.Debug|Any CPU.ActiveCfg = Debug|Any CPU
		{D58F98CF-0368-41DD-8528-2B8DF0B1F6BA}.Debug|Any CPU.Build.0 = Debug|Any CPU
		{D58F98CF-0368-41DD-8528-2B8DF0B1F6BA}.Release|Any CPU.ActiveCfg = Release|Any CPU
		{D58F98CF-0368-41DD-8528-2B8DF0B1F6BA}.Release|Any CPU.Build.0 = Release|Any CPU
	EndGlobalSection
	GlobalSection(SolutionProperties) = preSolution
		HideSolutionNode = FALSE
	EndGlobalSection
	GlobalSection(ExtensibilityGlobals) = postSolution
		SolutionGuid = {562CFBCE-5343-4219-96CA-69C61436D1DD}
	EndGlobalSection
EndGlobal
